
Microsoft Visual Studio Solution File, Format Version 12.00
# Visual Studio Version 17
VisualStudioVersion = 17.8.34511.84
MinimumVisualStudioVersion = 10.0.40219.1
Project("{FAE04EC0-301F-11D3-BF4B-00C04F79EFBC}") = "Publisher", "Producer\Publisher.csproj", "{51EB59A5-8E04-4756-A6F2-04FA4170706E}"
EndProject
Project("{FAE04EC0-301F-11D3-BF4B-00C04F79EFBC}") = "Consumer", "Consumer\Consumer.csproj", "{659C26F0-F1DC-4723-BD5F-D4B19FD37DFB}"
EndProject
Project("{FAE04EC0-301F-11D3-BF4B-00C04F79EFBC}") = "rpc.Server", "rpc.Publisher\rpc.Server.csproj", "{E1579FB0-60F2-4D28-A657-3229D8BCF4D1}"
EndProject
Project("{FAE04EC0-301F-11D3-BF4B-00C04F79EFBC}") = "rpc.Client", "rpc.Consumer\rpc.Client.csproj", "{3EF53455-9E7B-475F-AA83-19C71024D3F9}"
EndProject
Global
	GlobalSection(SolutionConfigurationPlatforms) = preSolution
		Debug|Any CPU = Debug|Any CPU
		Release|Any CPU = Release|Any CPU
	EndGlobalSection
	GlobalSection(ProjectConfigurationPlatforms) = postSolution
		{51EB59A5-8E04-4756-A6F2-04FA4170706E}.Debug|Any CPU.ActiveCfg = Debug|Any CPU
		{51EB59A5-8E04-4756-A6F2-04FA4170706E}.Debug|Any CPU.Build.0 = Debug|Any CPU
		{51EB59A5-8E04-4756-A6F2-04FA4170706E}.Release|Any CPU.ActiveCfg = Release|Any CPU
		{51EB59A5-8E04-4756-A6F2-04FA4170706E}.Release|Any CPU.Build.0 = Release|Any CPU
		{659C26F0-F1DC-4723-BD5F-D4B19FD37DFB}.Debug|Any CPU.ActiveCfg = Debug|Any CPU
		{659C26F0-F1DC-4723-BD5F-D4B19FD37DFB}.Debug|Any CPU.Build.0 = Debug|Any CPU
		{659C26F0-F1DC-4723-BD5F-D4B19FD37DFB}.Release|Any CPU.ActiveCfg = Release|Any CPU
		{659C26F0-F1DC-4723-BD5F-D4B19FD37DFB}.Release|Any CPU.Build.0 = Release|Any CPU
		{E1579FB0-60F2-4D28-A657-3229D8BCF4D1}.Debug|Any CPU.ActiveCfg = Debug|Any CPU
		{E1579FB0-60F2-4D28-A657-3229D8BCF4D1}.Debug|Any CPU.Build.0 = Debug|Any CPU
		{E1579FB0-60F2-4D28-A657-3229D8BCF4D1}.Release|Any CPU.ActiveCfg = Release|Any CPU
		{E1579FB0-60F2-4D28-A657-3229D8BCF4D1}.Release|Any CPU.Build.0 = Release|Any CPU
		{3EF53455-9E7B-475F-AA83-19C71024D3F9}.Debug|Any CPU.ActiveCfg = Debug|Any CPU
		{3EF53455-9E7B-475F-AA83-19C71024D3F9}.Debug|Any CPU.Build.0 = Debug|Any CPU
		{3EF53455-9E7B-475F-AA83-19C71024D3F9}.Release|Any CPU.ActiveCfg = Release|Any CPU
		{3EF53455-9E7B-475F-AA83-19C71024D3F9}.Release|Any CPU.Build.0 = Release|Any CPU
	EndGlobalSection
	GlobalSection(SolutionProperties) = preSolution
		HideSolutionNode = FALSE
	EndGlobalSection
	GlobalSection(ExtensibilityGlobals) = postSolution
		SolutionGuid = {5D7B770E-8075-4EE0-9D78-7169A83DC969}
	EndGlobalSection
EndGlobal
